
Microsoft Visual Studio Solution File, Format Version 12.00
# Visual Studio Version 16
VisualStudioVersion = 16.0.31729.503
MinimumVisualStudioVersion = 10.0.40219.1
Project("{FAE04EC0-301F-11D3-BF4B-00C04F79EFBC}") = "ChatMVCsignalR", "ChatMVCsignalR\ChatMVCsignalR.csproj", "{0BCDCC52-0970-4E35-8ECA-E924FC2555B7}"
EndProject
Global
	GlobalSection(SolutionConfigurationPlatforms) = preSolution
		Debug|Any CPU = Debug|Any CPU
		Release|Any CPU = Release|Any CPU
	EndGlobalSection
	GlobalSection(ProjectConfigurationPlatforms) = postSolution
		{0BCDCC52-0970-4E35-8ECA-E924FC2555B7}.Debug|Any CPU.ActiveCfg = Debug|Any CPU
		{0BCDCC52-0970-4E35-8ECA-E924FC2555B7}.Debug|Any CPU.Build.0 = Debug|Any CPU
		{0BCDCC52-0970-4E35-8ECA-E924FC2555B7}.Release|Any CPU.ActiveCfg = Release|Any CPU
		{0BCDCC52-0970-4E35-8ECA-E924FC2555B7}.Release|Any CPU.Build.0 = Release|Any CPU
	EndGlobalSection
	GlobalSection(SolutionProperties) = preSolution
		HideSolutionNode = FALSE
	EndGlobalSection
	GlobalSection(ExtensibilityGlobals) = postSolution
		SolutionGuid = {874ABAAC-FA45-4894-909C-E39464974804}
	EndGlobalSection
EndGlobal
